
Microsoft Visual Studio Solution File, Format Version 12.00
# Visual Studio 2015
Project("{FAE04EC0-301F-11D3-BF4B-00C04F79EFBC}") = "Tetris Prototype.CSharp", "Tetris Prototype.CSharp.csproj", "{BEE5CDCF-920D-A5EC-30F9-6C91FAF19146}"
EndProject
Global
	GlobalSection(SolutionConfigurationPlatforms) = preSolution
		Debug|Any CPU = Debug|Any CPU
		Release|Any CPU = Release|Any CPU
	EndGlobalSection
	GlobalSection(ProjectConfigurationPlatforms) = postSolution
		{BEE5CDCF-920D-A5EC-30F9-6C91FAF19146}.Debug|Any CPU.ActiveCfg = Debug|Any CPU
		{BEE5CDCF-920D-A5EC-30F9-6C91FAF19146}.Debug|Any CPU.Build.0 = Debug|Any CPU
		{BEE5CDCF-920D-A5EC-30F9-6C91FAF19146}.Release|Any CPU.ActiveCfg = Release|Any CPU
		{BEE5CDCF-920D-A5EC-30F9-6C91FAF19146}.Release|Any CPU.Build.0 = Release|Any CPU
	EndGlobalSection
	GlobalSection(SolutionProperties) = preSolution
		HideSolutionNode = FALSE
	EndGlobalSection
EndGlobal
